<?xml version="1.0" encoding="utf-8"?>
<Project ToolsVersion="4.0" xmlns="http://schemas.microsoft.com/developer/msbuild/2003">
  <ItemGroup>
    <Filter Include="Sources">
      <UniqueIdentifier>{8b7ed093-66ce-4096-96d2-fbb9faa4bf52}</UniqueIdentifier>
    </Filter>
    <Filter Include="Sources\Modules">
      <UniqueIdentifier>{7b418be2-1631-4a31-9ef2-8a8b234a7339}</UniqueIdentifier>
    </Filter>
    <Filter Include="Sources\Containers">
      <UniqueIdentifier>{afc36133-f401-499a-aa33-0da1e500fb52}</UniqueIdentifier>
    </Filter>
    <Filter Include="Sources\Tools">
      <UniqueIdentifier>{7e4dfaf7-022c-4f7d-92aa-f3b3fa9d6248}</UniqueIdentifier>
    </Filter>
    <Filter Include="Sources\Helpers">
      <UniqueIdentifier>{121f8e6b-df36-4ab0-be0d-601ddfc9e503}</UniqueIdentifier>
    </Filter>
    <Filter Include="Sources\Modules\Game">
      <UniqueIdentifier>{83f46af7-e02f-40c0-9e56-41d76082527b}</UniqueIdentifier>
    </Filter>
    <Filter Include="Sources\Tools\PugiXML">
      <UniqueIdentifier>{fe6dacb6-adcb-4748-9352-0b3fc914226e}</UniqueIdentifier>
    </Filter>
    <Filter Include="Sources\Tools\ImGui">
      <UniqueIdentifier>{b8d1081e-25d0-449e-b4ab-1e96c74fa881}</UniqueIdentifier>
    </Filter>
    <Filter Include="Sources\Tools\MathGeoLib">
      <UniqueIdentifier>{5bcf48c9-2df3-48a0-8b3a-e764900388fe}</UniqueIdentifier>
    </Filter>
  </ItemGroup>
  <ItemGroup>
    <ClInclude Include="Module.h">
      <Filter>Sources\Modules</Filter>
    </ClInclude>
    <ClInclude Include="ModuleAudio.h">
      <Filter>Sources\Modules</Filter>
    </ClInclude>
    <ClInclude Include="ModuleCamera3D.h">
      <Filter>Sources\Modules</Filter>
    </ClInclude>
    <ClInclude Include="ModuleInput.h">
      <Filter>Sources\Modules</Filter>
    </ClInclude>
    <ClInclude Include="ModuleRenderer3D.h">
      <Filter>Sources\Modules</Filter>
    </ClInclude>
    <ClInclude Include="ModuleWindow.h">
      <Filter>Sources\Modules</Filter>
    </ClInclude>
    <ClInclude Include="p2DynArray.h">
      <Filter>Sources\Containers</Filter>
    </ClInclude>
    <ClInclude Include="p2List.h">
      <Filter>Sources\Containers</Filter>
    </ClInclude>
    <ClInclude Include="p2Point.h">
      <Filter>Sources\Containers</Filter>
    </ClInclude>
    <ClInclude Include="glmath.h">
      <Filter>Sources\Containers</Filter>
    </ClInclude>
    <ClInclude Include="Application.h">
      <Filter>Sources</Filter>
    </ClInclude>
    <ClInclude Include="Globals.h">
      <Filter>Sources</Filter>
    </ClInclude>
    <ClInclude Include="Color.h">
      <Filter>Sources\Containers</Filter>
    </ClInclude>
    <ClInclude Include="Light.h">
      <Filter>Sources\Helpers</Filter>
    </ClInclude>
    <ClInclude Include="ModuleSceneIntro.h">
      <Filter>Sources\Modules\Game</Filter>
    </ClInclude>
    <ClInclude Include="Timer.h">
      <Filter>Sources\Tools</Filter>
    </ClInclude>
    <ClInclude Include="ModulePhysics3D.h">
      <Filter>Sources\Modules</Filter>
    </ClInclude>
    <ClInclude Include="PugiXml\src\pugiconfig.hpp">
      <Filter>Sources\Tools\PugiXML</Filter>
    </ClInclude>
    <ClInclude Include="PugiXml\src\pugixml.hpp">
      <Filter>Sources\Tools\PugiXML</Filter>
    </ClInclude>
    <ClInclude Include="ModuleGUI.h">
      <Filter>Sources\Modules</Filter>
    </ClInclude>
    <ClInclude Include="ImGui\imstb_truetype.h">
      <Filter>Sources\Tools\ImGui</Filter>
    </ClInclude>
    <ClInclude Include="ImGui\imconfig.h">
      <Filter>Sources\Tools\ImGui</Filter>
    </ClInclude>
    <ClInclude Include="ImGui\imgui.h">
      <Filter>Sources\Tools\ImGui</Filter>
    </ClInclude>
    <ClInclude Include="ImGui\imgui_internal.h">
      <Filter>Sources\Tools\ImGui</Filter>
    </ClInclude>
    <ClInclude Include="ImGui\imstb_rectpack.h">
      <Filter>Sources\Tools\ImGui</Filter>
    </ClInclude>
    <ClInclude Include="ImGui\imstb_textedit.h">
      <Filter>Sources\Tools\ImGui</Filter>
    </ClInclude>
    <ClInclude Include="ImGui\imgui_impl_sdl.h">
      <Filter>Sources\Tools\ImGui</Filter>
    </ClInclude>
    <ClInclude Include="ImGui\imgui_impl_opengl2.h">
      <Filter>Sources\Tools\ImGui</Filter>
    </ClInclude>
    <ClInclude Include="MathGeoLib\Algorithm\GJK.h">
      <Filter>Sources\Tools\MathGeoLib</Filter>
    </ClInclude>
    <ClInclude Include="MathGeoLib\Algorithm\Random\LCG.h">
      <Filter>Sources\Tools\MathGeoLib</Filter>
    </ClInclude>
    <ClInclude Include="MathGeoLib\Algorithm\SAT.h">
      <Filter>Sources\Tools\MathGeoLib</Filter>
    </ClInclude>
    <ClInclude Include="MathGeoLib\emscripten\library_system.h">
      <Filter>Sources\Tools\MathGeoLib</Filter>
    </ClInclude>
    <ClInclude Include="MathGeoLib\Geometry\AABB.h">
      <Filter>Sources\Tools\MathGeoLib</Filter>
    </ClInclude>
    <ClInclude Include="MathGeoLib\Geometry\AABB2D.h">
      <Filter>Sources\Tools\MathGeoLib</Filter>
    </ClInclude>
    <ClInclude Include="MathGeoLib\Geometry\Capsule.h">
      <Filter>Sources\Tools\MathGeoLib</Filter>
    </ClInclude>
    <ClInclude Include="MathGeoLib\Geometry\Circle.h">
      <Filter>Sources\Tools\MathGeoLib</Filter>
    </ClInclude>
    <ClInclude Include="MathGeoLib\Geometry\Frustum.h">
      <Filter>Sources\Tools\MathGeoLib</Filter>
    </ClInclude>
    <ClInclude Include="MathGeoLib\Geometry\GeometryAll.h">
      <Filter>Sources\Tools\MathGeoLib</Filter>
    </ClInclude>
    <ClInclude Include="MathGeoLib\Geometry\GeomType.h">
      <Filter>Sources\Tools\MathGeoLib</Filter>
    </ClInclude>
    <ClInclude Include="MathGeoLib\Geometry\HitInfo.h">
      <Filter>Sources\Tools\MathGeoLib</Filter>
    </ClInclude>
    <ClInclude Include="MathGeoLib\Geometry\KDTree.h">
      <Filter>Sources\Tools\MathGeoLib</Filter>
    </ClInclude>
    <ClInclude Include="MathGeoLib\Geometry\Line.h">
      <Filter>Sources\Tools\MathGeoLib</Filter>
    </ClInclude>
    <ClInclude Include="MathGeoLib\Geometry\LineSegment.h">
      <Filter>Sources\Tools\MathGeoLib</Filter>
    </ClInclude>
    <ClInclude Include="MathGeoLib\Geometry\OBB.h">
      <Filter>Sources\Tools\MathGeoLib</Filter>
    </ClInclude>
    <ClInclude Include="MathGeoLib\Geometry\PBVolume.h">
      <Filter>Sources\Tools\MathGeoLib</Filter>
    </ClInclude>
    <ClInclude Include="MathGeoLib\Geometry\Plane.h">
      <Filter>Sources\Tools\MathGeoLib</Filter>
    </ClInclude>
    <ClInclude Include="MathGeoLib\Geometry\Polygon.h">
      <Filter>Sources\Tools\MathGeoLib</Filter>
    </ClInclude>
    <ClInclude Include="MathGeoLib\Geometry\Polyhedron.h">
      <Filter>Sources\Tools\MathGeoLib</Filter>
    </ClInclude>
    <ClInclude Include="MathGeoLib\Geometry\QuadTree.h">
      <Filter>Sources\Tools\MathGeoLib</Filter>
    </ClInclude>
    <ClInclude Include="MathGeoLib\Geometry\Ray.h">
      <Filter>Sources\Tools\MathGeoLib</Filter>
    </ClInclude>
    <ClInclude Include="MathGeoLib\Geometry\Sphere.h">
      <Filter>Sources\Tools\MathGeoLib</Filter>
    </ClInclude>
    <ClInclude Include="MathGeoLib\Geometry\Triangle.h">
      <Filter>Sources\Tools\MathGeoLib</Filter>
    </ClInclude>
    <ClInclude Include="MathGeoLib\Geometry\TriangleMesh.h">
      <Filter>Sources\Tools\MathGeoLib</Filter>
    </ClInclude>
    <ClInclude Include="MathGeoLib\Math\assume.h">
      <Filter>Sources\Tools\MathGeoLib</Filter>
    </ClInclude>
    <ClInclude Include="MathGeoLib\Math\BitOps.h">
      <Filter>Sources\Tools\MathGeoLib</Filter>
    </ClInclude>
    <ClInclude Include="MathGeoLib\Math\Callstack.h">
      <Filter>Sources\Tools\MathGeoLib</Filter>
    </ClInclude>
    <ClInclude Include="MathGeoLib\Math\FixedPoint.h">
      <Filter>Sources\Tools\MathGeoLib</Filter>
    </ClInclude>
    <ClInclude Include="MathGeoLib\Math\float2.h">
      <Filter>Sources\Tools\MathGeoLib</Filter>
    </ClInclude>
    <ClInclude Include="MathGeoLib\Math\float3.h">
      <Filter>Sources\Tools\MathGeoLib</Filter>
    </ClInclude>
    <ClInclude Include="MathGeoLib\Math\float3x3.h">
      <Filter>Sources\Tools\MathGeoLib</Filter>
    </ClInclude>
    <ClInclude Include="MathGeoLib\Math\float3x4.h">
      <Filter>Sources\Tools\MathGeoLib</Filter>
    </ClInclude>
    <ClInclude Include="MathGeoLib\Math\float4.h">
      <Filter>Sources\Tools\MathGeoLib</Filter>
    </ClInclude>
    <ClInclude Include="MathGeoLib\Math\float4d.h">
      <Filter>Sources\Tools\MathGeoLib</Filter>
    </ClInclude>
    <ClInclude Include="MathGeoLib\Math\float4x4.h">
      <Filter>Sources\Tools\MathGeoLib</Filter>
    </ClInclude>
    <ClInclude Include="MathGeoLib\Math\float4x4_neon.h">
      <Filter>Sources\Tools\MathGeoLib</Filter>
    </ClInclude>
    <ClInclude Include="MathGeoLib\Math\float4x4_sse.h">
      <Filter>Sources\Tools\MathGeoLib</Filter>
    </ClInclude>
    <ClInclude Include="MathGeoLib\Math\float4_neon.h">
      <Filter>Sources\Tools\MathGeoLib</Filter>
    </ClInclude>
    <ClInclude Include="MathGeoLib\Math\float4_sse.h">
      <Filter>Sources\Tools\MathGeoLib</Filter>
    </ClInclude>
    <ClInclude Include="MathGeoLib\Math\FloatCmp.h">
      <Filter>Sources\Tools\MathGeoLib</Filter>
    </ClInclude>
    <ClInclude Include="MathGeoLib\Math\grisu3.h">
      <Filter>Sources\Tools\MathGeoLib</Filter>
    </ClInclude>
    <ClInclude Include="MathGeoLib\Math\InclWindows.h">
      <Filter>Sources\Tools\MathGeoLib</Filter>
    </ClInclude>
    <ClInclude Include="MathGeoLib\Math\MathAll.h">
      <Filter>Sources\Tools\MathGeoLib</Filter>
    </ClInclude>
    <ClInclude Include="MathGeoLib\Math\MathConstants.h">
      <Filter>Sources\Tools\MathGeoLib</Filter>
    </ClInclude>
    <ClInclude Include="MathGeoLib\Math\MathFunc.h">
      <Filter>Sources\Tools\MathGeoLib</Filter>
    </ClInclude>
    <ClInclude Include="MathGeoLib\Math\MathLog.h">
      <Filter>Sources\Tools\MathGeoLib</Filter>
    </ClInclude>
    <ClInclude Include="MathGeoLib\Math\MathNamespace.h">
      <Filter>Sources\Tools\MathGeoLib</Filter>
    </ClInclude>
    <ClInclude Include="MathGeoLib\Math\MathTypes.h">
      <Filter>Sources\Tools\MathGeoLib</Filter>
    </ClInclude>
    <ClInclude Include="MathGeoLib\Math\MatrixProxy.h">
      <Filter>Sources\Tools\MathGeoLib</Filter>
    </ClInclude>
    <ClInclude Include="MathGeoLib\Math\MiniFloat.h">
      <Filter>Sources\Tools\MathGeoLib</Filter>
    </ClInclude>
    <ClInclude Include="MathGeoLib\Math\myassert.h">
      <Filter>Sources\Tools\MathGeoLib</Filter>
    </ClInclude>
    <ClInclude Include="MathGeoLib\Math\Polynomial.h">
      <Filter>Sources\Tools\MathGeoLib</Filter>
    </ClInclude>
    <ClInclude Include="MathGeoLib\Math\Quat.h">
      <Filter>Sources\Tools\MathGeoLib</Filter>
    </ClInclude>
    <ClInclude Include="MathGeoLib\Math\quat_simd.h">
      <Filter>Sources\Tools\MathGeoLib</Filter>
    </ClInclude>
    <ClInclude Include="MathGeoLib\Math\Rect.h">
      <Filter>Sources\Tools\MathGeoLib</Filter>
    </ClInclude>
    <ClInclude Include="MathGeoLib\Math\Reinterpret.h">
      <Filter>Sources\Tools\MathGeoLib</Filter>
    </ClInclude>
    <ClInclude Include="MathGeoLib\Math\simd.h">
      <Filter>Sources\Tools\MathGeoLib</Filter>
    </ClInclude>
    <ClInclude Include="MathGeoLib\Math\SSEMath.h">
      <Filter>Sources\Tools\MathGeoLib</Filter>
    </ClInclude>
    <ClInclude Include="MathGeoLib\Math\sse_mathfun.h">
      <Filter>Sources\Tools\MathGeoLib</Filter>
    </ClInclude>
    <ClInclude Include="MathGeoLib\Math\TransformOps.h">
      <Filter>Sources\Tools\MathGeoLib</Filter>
    </ClInclude>
    <ClInclude Include="MathGeoLib\Time\Clock.h">
      <Filter>Sources\Tools\MathGeoLib</Filter>
    </ClInclude>
    <ClInclude Include="MathGeoLib\MathBuildConfig.h">
      <Filter>Sources\Tools\MathGeoLib</Filter>
    </ClInclude>
    <ClInclude Include="MathGeoLib\MathGeoLib.h">
      <Filter>Sources\Tools\MathGeoLib</Filter>
    </ClInclude>
    <ClInclude Include="MathGeoLib\MathGeoLibFwd.h">
      <Filter>Sources\Tools\MathGeoLib</Filter>
    </ClInclude>
  </ItemGroup>
  <ItemGroup>
    <ClCompile Include="ModuleAudio.cpp">
      <Filter>Sources\Modules</Filter>
    </ClCompile>
    <ClCompile Include="ModuleCamera3D.cpp">
      <Filter>Sources\Modules</Filter>
    </ClCompile>
    <ClCompile Include="ModuleInput.cpp">
      <Filter>Sources\Modules</Filter>
    </ClCompile>
    <ClCompile Include="ModuleRenderer3D.cpp">
      <Filter>Sources\Modules</Filter>
    </ClCompile>
    <ClCompile Include="ModuleWindow.cpp">
      <Filter>Sources\Modules</Filter>
    </ClCompile>
    <ClCompile Include="log.cpp">
      <Filter>Sources\Tools</Filter>
    </ClCompile>
    <ClCompile Include="Timer.cpp">
      <Filter>Sources\Tools</Filter>
    </ClCompile>
    <ClCompile Include="Application.cpp">
      <Filter>Sources</Filter>
    </ClCompile>
    <ClCompile Include="Main.cpp">
      <Filter>Sources</Filter>
    </ClCompile>
    <ClCompile Include="glmath.cpp">
      <Filter>Sources\Containers</Filter>
    </ClCompile>
    <ClCompile Include="Color.cpp">
      <Filter>Sources\Containers</Filter>
    </ClCompile>
    <ClCompile Include="Light.cpp">
      <Filter>Sources\Helpers</Filter>
    </ClCompile>
    <ClCompile Include="ModuleSceneIntro.cpp">
      <Filter>Sources\Modules\Game</Filter>
    </ClCompile>
    <ClCompile Include="ModulePhysics3D.cpp">
      <Filter>Sources\Modules</Filter>
    </ClCompile>
    <ClCompile Include="PugiXml\src\pugixml.cpp">
      <Filter>Sources\Tools\PugiXML</Filter>
    </ClCompile>
    <ClCompile Include="ModuleGUI.cpp">
      <Filter>Sources\Modules</Filter>
    </ClCompile>
    <ClCompile Include="ImGui\imgui.cpp">
      <Filter>Sources\Tools\ImGui</Filter>
    </ClCompile>
    <ClCompile Include="ImGui\imgui_demo.cpp">
      <Filter>Sources\Tools\ImGui</Filter>
    </ClCompile>
    <ClCompile Include="ImGui\imgui_draw.cpp">
      <Filter>Sources\Tools\ImGui</Filter>
    </ClCompile>
    <ClCompile Include="ImGui\imgui_impl_sdl.cpp">
      <Filter>Sources\Tools\ImGui</Filter>
    </ClCompile>
    <ClCompile Include="ImGui\imgui_widgets.cpp">
      <Filter>Sources\Tools\ImGui</Filter>
    </ClCompile>
    <ClCompile Include="ImGui\imgui_impl_opengl2.cpp">
      <Filter>Sources\Tools\ImGui</Filter>
    </ClCompile>
    <ClCompile Include="MathGeoLib\Algorithm\GJK.cpp">
      <Filter>Sources\Tools\MathGeoLib</Filter>
    </ClCompile>
    <ClCompile Include="MathGeoLib\Algorithm\Random\LCG.cpp">
      <Filter>Sources\Tools\MathGeoLib</Filter>
    </ClCompile>
    <ClCompile Include="MathGeoLib\Geometry\AABB.cpp">
      <Filter>Sources\Tools\MathGeoLib</Filter>
    </ClCompile>
    <ClCompile Include="MathGeoLib\Geometry\Capsule.cpp">
      <Filter>Sources\Tools\MathGeoLib</Filter>
    </ClCompile>
    <ClCompile Include="MathGeoLib\Geometry\Circle.cpp">
      <Filter>Sources\Tools\MathGeoLib</Filter>
    </ClCompile>
    <ClCompile Include="MathGeoLib\Geometry\Frustum.cpp">
      <Filter>Sources\Tools\MathGeoLib</Filter>
    </ClCompile>
    <ClCompile Include="MathGeoLib\Geometry\Line.cpp">
      <Filter>Sources\Tools\MathGeoLib</Filter>
    </ClCompile>
    <ClCompile Include="MathGeoLib\Geometry\LineSegment.cpp">
      <Filter>Sources\Tools\MathGeoLib</Filter>
    </ClCompile>
    <ClCompile Include="MathGeoLib\Geometry\OBB.cpp">
      <Filter>Sources\Tools\MathGeoLib</Filter>
    </ClCompile>
    <ClCompile Include="MathGeoLib\Geometry\PBVolume.cpp">
      <Filter>Sources\Tools\MathGeoLib</Filter>
    </ClCompile>
    <ClCompile Include="MathGeoLib\Geometry\Plane.cpp">
      <Filter>Sources\Tools\MathGeoLib</Filter>
    </ClCompile>
    <ClCompile Include="MathGeoLib\Geometry\Polygon.cpp">
      <Filter>Sources\Tools\MathGeoLib</Filter>
    </ClCompile>
    <ClCompile Include="MathGeoLib\Geometry\Polyhedron.cpp">
      <Filter>Sources\Tools\MathGeoLib</Filter>
    </ClCompile>
    <ClCompile Include="MathGeoLib\Geometry\Ray.cpp">
      <Filter>Sources\Tools\MathGeoLib</Filter>
    </ClCompile>
    <ClCompile Include="MathGeoLib\Geometry\Sphere.cpp">
      <Filter>Sources\Tools\MathGeoLib</Filter>
    </ClCompile>
    <ClCompile Include="MathGeoLib\Geometry\Triangle.cpp">
      <Filter>Sources\Tools\MathGeoLib</Filter>
    </ClCompile>
    <ClCompile Include="MathGeoLib\Geometry\TriangleMesh.cpp">
      <Filter>Sources\Tools\MathGeoLib</Filter>
    </ClCompile>
    <ClCompile Include="MathGeoLib\Math\BitOps.cpp">
      <Filter>Sources\Tools\MathGeoLib</Filter>
    </ClCompile>
    <ClCompile Include="MathGeoLib\Math\Callstack.cpp">
      <Filter>Sources\Tools\MathGeoLib</Filter>
    </ClCompile>
    <ClCompile Include="MathGeoLib\Math\float2.cpp">
      <Filter>Sources\Tools\MathGeoLib</Filter>
    </ClCompile>
    <ClCompile Include="MathGeoLib\Math\float3.cpp">
      <Filter>Sources\Tools\MathGeoLib</Filter>
    </ClCompile>
    <ClCompile Include="MathGeoLib\Math\float3x3.cpp">
      <Filter>Sources\Tools\MathGeoLib</Filter>
    </ClCompile>
    <ClCompile Include="MathGeoLib\Math\float3x4.cpp">
      <Filter>Sources\Tools\MathGeoLib</Filter>
    </ClCompile>
    <ClCompile Include="MathGeoLib\Math\float4.cpp">
      <Filter>Sources\Tools\MathGeoLib</Filter>
    </ClCompile>
    <ClCompile Include="MathGeoLib\Math\float4d.cpp">
      <Filter>Sources\Tools\MathGeoLib</Filter>
    </ClCompile>
    <ClCompile Include="MathGeoLib\Math\float4x4.cpp">
      <Filter>Sources\Tools\MathGeoLib</Filter>
    </ClCompile>
    <ClCompile Include="MathGeoLib\Math\grisu3.c">
      <Filter>Sources\Tools\MathGeoLib</Filter>
    </ClCompile>
    <ClCompile Include="MathGeoLib\Math\grisu3_cpp.cpp">
      <Filter>Sources\Tools\MathGeoLib</Filter>
    </ClCompile>
    <ClCompile Include="MathGeoLib\Math\MathFunc.cpp">
      <Filter>Sources\Tools\MathGeoLib</Filter>
    </ClCompile>
    <ClCompile Include="MathGeoLib\Math\MathLog.cpp">
      <Filter>Sources\Tools\MathGeoLib</Filter>
    </ClCompile>
    <ClCompile Include="MathGeoLib\Math\MathOps.cpp">
      <Filter>Sources\Tools\MathGeoLib</Filter>
    </ClCompile>
    <ClCompile Include="MathGeoLib\Math\MiniFloat.cpp">
      <Filter>Sources\Tools\MathGeoLib</Filter>
    </ClCompile>
    <ClCompile Include="MathGeoLib\Math\Polynomial.cpp">
      <Filter>Sources\Tools\MathGeoLib</Filter>
    </ClCompile>
    <ClCompile Include="MathGeoLib\Math\Quat.cpp">
      <Filter>Sources\Tools\MathGeoLib</Filter>
    </ClCompile>
    <ClCompile Include="MathGeoLib\Math\SSEMath.cpp">
      <Filter>Sources\Tools\MathGeoLib</Filter>
    </ClCompile>
    <ClCompile Include="MathGeoLib\Math\TransformOps.cpp">
      <Filter>Sources\Tools\MathGeoLib</Filter>
    </ClCompile>
    <ClCompile Include="MathGeoLib\Time\Clock.cpp">
      <Filter>Sources\Tools\MathGeoLib</Filter>
    </ClCompile>
    <ClCompile Include="RNG.cpp">
      <Filter>Sources\Tools</Filter>
    </ClCompile>
  </ItemGroup>
  <ItemGroup>
    <None Include="MathGeoLib\Geometry\KDTree.inl">
      <Filter>Sources\Tools\MathGeoLib</Filter>
    </None>
    <None Include="MathGeoLib\Geometry\QuadTree.inl">
      <Filter>Sources\Tools\MathGeoLib</Filter>
    </None>
    <None Include="MathGeoLib\Geometry\TriangleMesh_IntersectRay_AVX.inl">
      <Filter>Sources\Tools\MathGeoLib</Filter>
    </None>
    <None Include="MathGeoLib\Geometry\TriangleMesh_IntersectRay_CPP.inl">
      <Filter>Sources\Tools\MathGeoLib</Filter>
    </None>
    <None Include="MathGeoLib\Geometry\TriangleMesh_IntersectRay_SSE.inl">
      <Filter>Sources\Tools\MathGeoLib</Filter>
    </None>
    <None Include="MathGeoLib\Math\float2.inl">
      <Filter>Sources\Tools\MathGeoLib</Filter>
    </None>
    <None Include="MathGeoLib\Math\Matrix.inl">
      <Filter>Sources\Tools\MathGeoLib</Filter>
    </None>
  </ItemGroup>
</Project>